
Microsoft Visual Studio Solution File, Format Version 11.00
# Visual Studio 2010
Project("{FAE04EC0-301F-11D3-BF4B-00C04F79EFBC}") = "DiminishDependencies", "DiminishDependencies\DiminishDependencies.csproj", "{3DB50D61-0AA5-4797-A613-9FEADC7E7C8D}"
EndProject
Project("{FAE04EC0-301F-11D3-BF4B-00C04F79EFBC}") = "Content", "Content\Content.csproj", "{F598282B-B3E4-4193-8316-1E112183C6CD}"
EndProject
Project("{2150E333-8FDC-42A3-9474-1A3956D46DE8}") = ".nuget", ".nuget", "{0CBE3339-13F0-4A5F-9EFF-E5044E6ED435}"
	ProjectSection(SolutionItems) = preProject
		.nuget\packages.config = .nuget\packages.config
	EndProjectSection
EndProject
Project("{FAE04EC0-301F-11D3-BF4B-00C04F79EFBC}") = "DiminishDependencies.Diminished", "DiminishDependencies.Diminished\DiminishDependencies.Diminished.csproj", "{C044260F-0F76-413E-892F-3A329C8FF335}"
EndProject
Global
	GlobalSection(SolutionConfigurationPlatforms) = preSolution
		Debug|Any CPU = Debug|Any CPU
		Release|Any CPU = Release|Any CPU
	EndGlobalSection
	GlobalSection(ProjectConfigurationPlatforms) = postSolution
		{3DB50D61-0AA5-4797-A613-9FEADC7E7C8D}.Debug|Any CPU.ActiveCfg = Debug|Any CPU
		{3DB50D61-0AA5-4797-A613-9FEADC7E7C8D}.Debug|Any CPU.Build.0 = Debug|Any CPU
		{3DB50D61-0AA5-4797-A613-9FEADC7E7C8D}.Release|Any CPU.ActiveCfg = Release|Any CPU
		{3DB50D61-0AA5-4797-A613-9FEADC7E7C8D}.Release|Any CPU.Build.0 = Release|Any CPU
		{F598282B-B3E4-4193-8316-1E112183C6CD}.Debug|Any CPU.ActiveCfg = Debug|Any CPU
		{F598282B-B3E4-4193-8316-1E112183C6CD}.Debug|Any CPU.Build.0 = Debug|Any CPU
		{F598282B-B3E4-4193-8316-1E112183C6CD}.Release|Any CPU.ActiveCfg = Release|Any CPU
		{F598282B-B3E4-4193-8316-1E112183C6CD}.Release|Any CPU.Build.0 = Release|Any CPU
		{C044260F-0F76-413E-892F-3A329C8FF335}.Debug|Any CPU.ActiveCfg = Debug|Any CPU
		{C044260F-0F76-413E-892F-3A329C8FF335}.Debug|Any CPU.Build.0 = Debug|Any CPU
		{C044260F-0F76-413E-892F-3A329C8FF335}.Release|Any CPU.ActiveCfg = Release|Any CPU
		{C044260F-0F76-413E-892F-3A329C8FF335}.Release|Any CPU.Build.0 = Release|Any CPU
	EndGlobalSection
	GlobalSection(SolutionProperties) = preSolution
		HideSolutionNode = FALSE
	EndGlobalSection
EndGlobal
